
Microsoft Visual Studio Solution File, Format Version 12.00
# Visual Studio Version 16
VisualStudioVersion = 16.0.31911.196
MinimumVisualStudioVersion = 10.0.40219.1
Project("{FAE04EC0-301F-11D3-BF4B-00C04F79EFBC}") = "SQLTemplateUI", "SQLTemplateUI\SQLTemplateUI.csproj", "{DECFC086-AC21-407F-8805-8D5B060A4C44}"
EndProject
Global
	GlobalSection(SolutionConfigurationPlatforms) = preSolution
		Debug|Any CPU = Debug|Any CPU
		Release|Any CPU = Release|Any CPU
	EndGlobalSection
	GlobalSection(ProjectConfigurationPlatforms) = postSolution
		{DECFC086-AC21-407F-8805-8D5B060A4C44}.Debug|Any CPU.ActiveCfg = Release|Any CPU
		{DECFC086-AC21-407F-8805-8D5B060A4C44}.Debug|Any CPU.Build.0 = Release|Any CPU
		{DECFC086-AC21-407F-8805-8D5B060A4C44}.Release|Any CPU.ActiveCfg = Release|Any CPU
		{DECFC086-AC21-407F-8805-8D5B060A4C44}.Release|Any CPU.Build.0 = Release|Any CPU
	EndGlobalSection
	GlobalSection(SolutionProperties) = preSolution
		HideSolutionNode = FALSE
	EndGlobalSection
	GlobalSection(ExtensibilityGlobals) = postSolution
		SolutionGuid = {CD230F58-FBB5-4C86-BF4D-85CCF6FF181D}
	EndGlobalSection
EndGlobal
